# THIS IS AN AUTOGENERATED FILE. DO NOT EDIT THIS FILE DIRECTLY.
# yarn lockfile v1


"@rollup/rollup-android-arm-eabi@4.15.0":
  version "4.15.0"
  resolved "https://registry.yarnpkg.com/@rollup/rollup-android-arm-eabi/-/rollup-android-arm-eabi-4.15.0.tgz#28c9c79c5baccb59a96afcf60e428ea6965a5579"
  integrity sha512-O63bJ7p909pRRQfOJ0k/Jp8gNFMud+ZzLLG5EBWquylHxmRT2k18M2ifg8WyjCgFVdpA7+rI0YZ8EkAtg6dSUw==

"@rollup/rollup-android-arm64@4.15.0":
  version "4.15.0"
  resolved "https://registry.yarnpkg.com/@rollup/rollup-android-arm64/-/rollup-android-arm64-4.15.0.tgz#a2bdafdb753ece571956289a5ba8c37af748bd0c"
  integrity sha512-5UywPdmC9jiVOShjQx4uuIcnTQOf85iA4jgg8bkFoH5NYWFfAfrJpv5eeokmTdSmYwUTT5IrcrBCJNkowhrZDA==

"@rollup/rollup-darwin-arm64@4.15.0":
  version "4.15.0"
  resolved "https://registry.yarnpkg.com/@rollup/rollup-darwin-arm64/-/rollup-darwin-arm64-4.15.0.tgz#4cb44cfec3068f6f76f70463ccc25f3e245af06a"
  integrity sha512-hNkt75uFfWpRxHItCBmbS0ba70WnibJh6yz60WShSWITLlVRbkvAu1E/c7RlliPY4ajhqJd0UPZz//gNalTd4g==

"@rollup/rollup-darwin-x64@4.15.0":
  version "4.15.0"
  resolved "https://registry.yarnpkg.com/@rollup/rollup-darwin-x64/-/rollup-darwin-x64-4.15.0.tgz#1035bfbf53e6acf16771191f41c3d3aff089e8f1"
  integrity sha512-HnC5bTP7qdfO9nUw/mBhNcjOEZfbS8NwV+nFegiMhYOn1ATAGZF4kfAxR9BuZevBrebWCxMmxm8NCU1CUoz+wQ==

"@rollup/rollup-linux-arm-gnueabihf@4.15.0":
  version "4.15.0"
  resolved "https://registry.yarnpkg.com/@rollup/rollup-linux-arm-gnueabihf/-/rollup-linux-arm-gnueabihf-4.15.0.tgz#0036b835f17ca9e84c188c419399493bd5739986"
  integrity sha512-QGOIQIJZeIIqMsc4BUGe8TnV4dkXhSW2EhaQ1G4LqMUNpkyeLztvlDlOoNHn7SR7a4dBANdcEbPkkEzz3rzjzA==

"@rollup/rollup-linux-arm-musleabihf@4.15.0":
  version "4.15.0"
  resolved "https://registry.yarnpkg.com/@rollup/rollup-linux-arm-musleabihf/-/rollup-linux-arm-musleabihf-4.15.0.tgz#c44420167203400ba7a707f8205413c2817cdaeb"
  integrity sha512-PS/Cp8CinYgoysQ8i4UXYH/TZl06fXszvY/RDkyBYgUB1+tKyOMS925/4FZhfrhkl3XQEKjMc3BKtsxpB9Tz9Q==

"@rollup/rollup-linux-arm64-gnu@4.15.0":
  version "4.15.0"
  resolved "https://registry.yarnpkg.com/@rollup/rollup-linux-arm64-gnu/-/rollup-linux-arm64-gnu-4.15.0.tgz#531d3792e1526583ecd794ceee0ab980d79813dd"
  integrity sha512-XzOsnD6lGDP+k+vGgTYAryVGu8N89qpjMN5BVFUj75dGVFP3FzIVAufJAraxirpDwEQZA7Gjs0Vo5p4UmnnjsA==

"@rollup/rollup-linux-arm64-musl@4.15.0":
  version "4.15.0"
  resolved "https://registry.yarnpkg.com/@rollup/rollup-linux-arm64-musl/-/rollup-linux-arm64-musl-4.15.0.tgz#86376eaa6d65a860a046e0dfe285a51792bc2026"
  integrity sha512-+ScJA4Epbx/ZQGjDnbvTAcb8ZD06b+TlIka2UkujbKf1I/A+yrvEcJwG3/27zMmvcWMQyeCJhbL9TlSjzL0B7Q==

"@rollup/rollup-linux-powerpc64le-gnu@4.15.0":
  version "4.15.0"
  resolved "https://registry.yarnpkg.com/@rollup/rollup-linux-powerpc64le-gnu/-/rollup-linux-powerpc64le-gnu-4.15.0.tgz#6adf69ce27d1266dbb86eeac237ad5dd4d4a1f28"
  integrity sha512-1cUSvYgnyTakM4FDyf/GxUCDcqmj/hUh1NOizEOJU7+D5xEfFGCxgcNOs3hYBeRMUCcGmGkt01EhD3ILgKpGHQ==

"@rollup/rollup-linux-riscv64-gnu@4.15.0":
  version "4.15.0"
  resolved "https://registry.yarnpkg.com/@rollup/rollup-linux-riscv64-gnu/-/rollup-linux-riscv64-gnu-4.15.0.tgz#961c290372d170f588ebf65c145c485c4aad7005"
  integrity sha512-3A1FbHDbBUvpJXFAZwVsiROIcstVHP9AX/cwnyIhAp+xyQ1cBCxywKtuzmw0Av1MDNNg/y/9dDHtNypfRa8bdw==

"@rollup/rollup-linux-s390x-gnu@4.15.0":
  version "4.15.0"
  resolved "https://registry.yarnpkg.com/@rollup/rollup-linux-s390x-gnu/-/rollup-linux-s390x-gnu-4.15.0.tgz#cb43301e10f17f0a642416c5d3d82a26cf430fa8"
  integrity sha512-hYPbhg9ow6/mXIkojc8LOeiip2sCTuw1taWyoOXTOWk9vawIXz8x7B4KkgWUAtvAElssxhSyEXr2EZycH/FGzQ==

"@rollup/rollup-linux-x64-gnu@4.15.0":
  version "4.15.0"
  resolved "https://registry.yarnpkg.com/@rollup/rollup-linux-x64-gnu/-/rollup-linux-x64-gnu-4.15.0.tgz#25c1fb87b2255949ee7ff6956e205710c5d7c414"
  integrity sha512-511qln5mPSUKwv7HI28S1jCD1FK+2WbX5THM9A9annr3c1kzmfnf8Oe3ZakubEjob3IV6OPnNNcesfy+adIrmw==

"@rollup/rollup-linux-x64-musl@4.15.0":
  version "4.15.0"
  resolved "https://registry.yarnpkg.com/@rollup/rollup-linux-x64-musl/-/rollup-linux-x64-musl-4.15.0.tgz#145745e339e282c7afc36142bd5a3f9495c7c681"
  integrity sha512-4qKKGTDIv2bQZ+afhPWqPL+94+dLtk4lw1iwbcylKlLNqQ/Yyjof2CFYBxf6npiDzPV+zf4EWRiHb26/4Vsm9w==

"@rollup/rollup-win32-arm64-msvc@4.15.0":
  version "4.15.0"
  resolved "https://registry.yarnpkg.com/@rollup/rollup-win32-arm64-msvc/-/rollup-win32-arm64-msvc-4.15.0.tgz#95dae687b645a25aab3a082d987556f58274ffbe"
  integrity sha512-nEtaFBHp1OnbOf+tz66DtID579sNRHGgMC23to8HUyVuOCpCMD0CvRNqiDGLErLNnwApWIUtUl1VvuovCWUxwg==

"@rollup/rollup-win32-ia32-msvc@4.15.0":
  version "4.15.0"
  resolved "https://registry.yarnpkg.com/@rollup/rollup-win32-ia32-msvc/-/rollup-win32-ia32-msvc-4.15.0.tgz#acbd48f10093e6cd52f99ad004966433a49cb362"
  integrity sha512-5O49NykwSgX6iT2HgZ6cAoGHt6T/FqNMB5OqFOGxU/y1GyFSHquox1sK2OqApQc0ANxiHFQEMNDLNVCL7AUDnQ==

"@rollup/rollup-win32-x64-msvc@4.15.0":
  version "4.15.0"
  resolved "https://registry.yarnpkg.com/@rollup/rollup-win32-x64-msvc/-/rollup-win32-x64-msvc-4.15.0.tgz#68bb584231dfc8e36bb7ad5317dfd1fd2563a6f7"
  integrity sha512-YA0hTwCunmKNeTOFWdJuKhdXse9jBqgo34FDo+9aS0spfCkp+wj0o1bCcOOTu+0P48O95GTfkLTAaVonwNuIdQ==

"@types/estree@1.0.5":
  version "1.0.5"
  resolved "https://registry.yarnpkg.com/@types/estree/-/estree-1.0.5.tgz#a6ce3e556e00fd9895dd872dd172ad0d4bd687f4"
  integrity sha512-/kYRxGDLWzHOB7q+wtSUQlFrtcdUccpfy+X+9iMBpHK8QLLhx2wIPYuS5DYtR9Wa/YlZAbIovy7qVdB1Aq6Lyw==

"@types/node@^20.12.7":
  version "20.12.7"
  resolved "https://registry.yarnpkg.com/@types/node/-/node-20.12.7.tgz#04080362fa3dd6c5822061aa3124f5c152cff384"
  integrity sha512-wq0cICSkRLVaf3UGLMGItu/PtdY7oaXaI/RVU+xliKVOtRna3PRY57ZDfztpDL0n11vfymMUnXv8QwYCO7L1wg==
  dependencies:
    undici-types "~5.26.4"

fsevents@~2.3.2:
  version "2.3.3"
  resolved "https://registry.yarnpkg.com/fsevents/-/fsevents-2.3.3.tgz#cac6407785d03675a2a5e1a5305c697b347d90d6"
  integrity sha512-5xoDfX+fL7faATnagmWPpbFtwh/R77WmMMqqHGS65C3vvB0YHrgF+B1YmZ3441tMj5n63k0212XNoJwzlhffQw==

rollup@^4.15.0:
  version "4.15.0"
  resolved "https://registry.yarnpkg.com/rollup/-/rollup-4.15.0.tgz#3be428e4fe86297b1b3448f29515d978593d9d9a"
  integrity sha512-i0ir57IMF5o7YvNYyUNeIGG+IZaaucnGZAOsSctO2tPLXlCEaZzyBa+QhpHNSgtpyLMoDev2DyN6a7J1dQA8Tw==
  dependencies:
    "@types/estree" "1.0.5"
  optionalDependencies:
    "@rollup/rollup-android-arm-eabi" "4.15.0"
    "@rollup/rollup-android-arm64" "4.15.0"
    "@rollup/rollup-darwin-arm64" "4.15.0"
    "@rollup/rollup-darwin-x64" "4.15.0"
    "@rollup/rollup-linux-arm-gnueabihf" "4.15.0"
    "@rollup/rollup-linux-arm-musleabihf" "4.15.0"
    "@rollup/rollup-linux-arm64-gnu" "4.15.0"
    "@rollup/rollup-linux-arm64-musl" "4.15.0"
    "@rollup/rollup-linux-powerpc64le-gnu" "4.15.0"
    "@rollup/rollup-linux-riscv64-gnu" "4.15.0"
    "@rollup/rollup-linux-s390x-gnu" "4.15.0"
    "@rollup/rollup-linux-x64-gnu" "4.15.0"
    "@rollup/rollup-linux-x64-musl" "4.15.0"
    "@rollup/rollup-win32-arm64-msvc" "4.15.0"
    "@rollup/rollup-win32-ia32-msvc" "4.15.0"
    "@rollup/rollup-win32-x64-msvc" "4.15.0"
    fsevents "~2.3.2"

typescript@^5.4.5:
  version "5.4.5"
  resolved "https://registry.yarnpkg.com/typescript/-/typescript-5.4.5.tgz#42ccef2c571fdbd0f6718b1d1f5e6e5ef006f611"
  integrity sha512-vcI4UpRgg81oIRUFwR0WSIHKt11nJ7SAVlYNIu+QpqeyXP+gpQJy/Z4+F0aGxSE4MqwjyXvW/TzgkLAx2AGHwQ==

undici-types@~5.26.4:
  version "5.26.5"
  resolved "https://registry.yarnpkg.com/undici-types/-/undici-types-5.26.5.tgz#bcd539893d00b56e964fd2657a4866b221a65617"
  integrity sha512-JlCMO+ehdEIKqlFxk6IfVoAUVmgz7cU7zD/h9XZ0qzeosSHmUJVOzSQvvYSYWXkFXC+IfLKSIffhv0sVZup6pA==

zod@^3.22.5:
  version "3.22.5"
  resolved "https://registry.yarnpkg.com/zod/-/zod-3.22.5.tgz#b9b09db03f6700b0d0b75bf0dbf0c5fc46155220"
  integrity sha512-HqnGsCdVZ2xc0qWPLdO25WnseXThh0kEYKIdV5F/hTHO75hNZFp8thxSeHhiPrHZKrFTo1SOgkAj9po5bexZlw==
